
Microsoft Visual Studio Solution File, Format Version 12.00
# Visual Studio 2013
VisualStudioVersion = 12.0.21005.1
MinimumVisualStudioVersion = 10.0.40219.1
Project("{FAE04EC0-301F-11D3-BF4B-00C04F79EFBC}") = "ControlPanel", "ControlPanel\ControlPanel.csproj", "{FC8AED53-44FA-40A9-96AE-BBFC8C8EFFA7}"
EndProject
Project("{FAE04EC0-301F-11D3-BF4B-00C04F79EFBC}") = "Hidistro.Core", "Hidistro.Core\Hidistro.Core.csproj", "{4F98DDDB-C05A-4A71-8400-BC5F790CC8DF}"
EndProject
Project("{FAE04EC0-301F-11D3-BF4B-00C04F79EFBC}") = "Hidistro.Entities", "Hidistro.Entities\Hidistro.Entities.csproj", "{71E1154B-E640-414D-AA73-57A7F4589BA2}"
EndProject
Project("{FAE04EC0-301F-11D3-BF4B-00C04F79EFBC}") = "Hidistro.Jobs", "Hidistro.Jobs\Hidistro.Jobs.csproj", "{4C9ACCEA-5B98-4C38-91D0-AD6614298973}"
EndProject
Project("{FAE04EC0-301F-11D3-BF4B-00C04F79EFBC}") = "Hidistro.Messages", "Hidistro.Messages\Hidistro.Messages.csproj", "{1228793D-E2AF-482C-A9BB-DFE76D6BDB8C}"
EndProject
Project("{FAE04EC0-301F-11D3-BF4B-00C04F79EFBC}") = "Hidistro.SaleSystem.Vshop", "Hidistro.SaleSystem.Vshop\Hidistro.SaleSystem.Vshop.csproj", "{9996FF6B-6624-42B7-BCD4-7234A7E9493B}"
EndProject
Project("{FAE04EC0-301F-11D3-BF4B-00C04F79EFBC}") = "Hidistro.SqlDal", "Hidistro.SqlDal\Hidistro.SqlDal.csproj", "{962E890E-FACF-4EDE-BAD0-D5818CBFF4BA}"
EndProject
Project("{FAE04EC0-301F-11D3-BF4B-00C04F79EFBC}") = "Hidistro.UI.ControlPanel.Utility", "Hidistro.UI.ControlPanel.Utility\Hidistro.UI.ControlPanel.Utility.csproj", "{B477E491-2A69-47E5-BD2D-A4B8CC585DA9}"
EndProject
Project("{FAE04EC0-301F-11D3-BF4B-00C04F79EFBC}") = "Hidistro.UI.SaleSystem.CodeBehind", "Hidistro.UI.SaleSystem.CodeBehind\Hidistro.UI.SaleSystem.CodeBehind.csproj", "{4B9881A1-A3A3-4DA0-88AE-BEB726E6FF4B}"
EndProject
Project("{FAE04EC0-301F-11D3-BF4B-00C04F79EFBC}") = "Hidistro.UI.SaleSystem.Tags", "Hidistro.UI.SaleSystem.Tags\Hidistro.UI.SaleSystem.Tags.csproj", "{7C9B9D24-47EF-4809-AC7A-5F4F17349266}"
EndProject
Project("{FAE04EC0-301F-11D3-BF4B-00C04F79EFBC}") = "Hishop.Plugins", "Hishop.Plugins\Hishop.Plugins.csproj", "{672CF77B-93C2-4453-8917-E81585968F32}"
EndProject
Project("{FAE04EC0-301F-11D3-BF4B-00C04F79EFBC}") = "Hishop.TransferManager", "Hishop.TransferManager\Hishop.TransferManager.csproj", "{769A8533-D812-4CF1-A7A0-BEF5726F840E}"
EndProject
Project("{FAE04EC0-301F-11D3-BF4B-00C04F79EFBC}") = "Hishop.Weixin.Pay", "Hishop.Weixin.Pay\Hishop.Weixin.Pay.csproj", "{B4748D12-1C8A-4243-971B-6CC5D603664C}"
EndProject
Project("{FAE04EC0-301F-11D3-BF4B-00C04F79EFBC}") = "Hidistro.UI.Common.Controls", "Hidistro.UI.Common.Controls\Hidistro.UI.Common.Controls.csproj", "{532E98E3-5752-43DF-934E-5EB49FF11E48}"
EndProject
Project("{FAE04EC0-301F-11D3-BF4B-00C04F79EFBC}") = "ASPNET.WebControls", "ASPNET.WebControls\ASPNET.WebControls.csproj", "{F0DA0440-2739-482A-8F9B-651D9AA06ECA}"
EndProject
Project("{FAE04EC0-301F-11D3-BF4B-00C04F79EFBC}") = "Hishop.Components.Validation", "Hishop.Components.Validation\Hishop.Components.Validation.csproj", "{8E0FB795-0E87-49E0-85EF-948CC144EDED}"
EndProject
Project("{FAE04EC0-301F-11D3-BF4B-00C04F79EFBC}") = "Hidistro.UI.Common.Validator", "Hidistro.UI.Common.Validator\Hidistro.UI.Common.Validator.csproj", "{C84AE1AE-969F-4168-90B9-5A3320878F4C}"
EndProject
Project("{FAE04EC0-301F-11D3-BF4B-00C04F79EFBC}") = "Hidistro.UI.Web", "Hidistro.UI.Web\Hidistro.UI.Web.csproj", "{1607AF93-AD41-4C8B-94E2-EDF02C1D0C3C}"
EndProject
Project("{FAE04EC0-301F-11D3-BF4B-00C04F79EFBC}") = "Hishop.Weixin.MP", "Hishop.Weixin.MP\Hishop.Weixin.MP.csproj", "{DB5C7311-E270-4368-AF5A-DC813EB28C8B}"
EndProject
Project("{2150E333-8FDC-42A3-9474-1A3956D46DE8}") = "控件库", "控件库", "{34171B9E-5F26-4BC8-8A96-6F45A8BF56B3}"
EndProject
Project("{2150E333-8FDC-42A3-9474-1A3956D46DE8}") = "核心库", "核心库", "{3760E4C0-5BDF-4174-B182-39D33D7BAC44}"
EndProject
Project("{2150E333-8FDC-42A3-9474-1A3956D46DE8}") = "控制面板", "控制面板", "{9262CBD6-FC16-497D-9223-D81310C21E39}"
EndProject
Project("{2150E333-8FDC-42A3-9474-1A3956D46DE8}") = "消息库", "消息库", "{67591985-ABFB-4FD9-BB11-BBE6CAFA8493}"
EndProject
Project("{2150E333-8FDC-42A3-9474-1A3956D46DE8}") = "销售系统", "销售系统", "{D9AA2973-C2DE-4CAC-909D-018C7CE3CB52}"
EndProject
Project("{2150E333-8FDC-42A3-9474-1A3956D46DE8}") = "插件库", "插件库", "{4A581A33-C979-47EC-9453-9B0A69542426}"
EndProject
Project("{2150E333-8FDC-42A3-9474-1A3956D46DE8}") = "微信库", "微信库", "{B26B5462-1A9D-4196-8858-CA54F9CA33A8}"
EndProject
Project("{E24C65DC-7377-472B-9ABA-BC803B73C61A}") = "web(1)", "http://localhost:2696", "{2A4C73E8-CF79-4DDA-AF5E-D8A3D99A72A5}"
	ProjectSection(WebsiteProperties) = preProject
		UseIISExpress = "true"
		TargetFrameworkMoniker = ".NETFramework,Version%3Dv4.0"
		ProjectReferences = "{f0da0440-2739-482a-8f9b-651d9aa06eca}|ASPNET.WebControls.dll;{fc8aed53-44fa-40a9-96ae-bbfc8c8effa7}|ControlPanel.dll;{4F98DDDB-C05A-4A71-8400-BC5F790CC8DF}|Hidistro.Core.dll;{71E1154B-E640-414D-AA73-57A7F4589BA2}|Hidistro.Entities.dll;{8E0FB795-0E87-49E0-85EF-948CC144EDED}|Hishop.Components.Validation.dll;{1228793D-E2AF-482C-A9BB-DFE76D6BDB8C}|Hidistro.Messages.dll;{962E890E-FACF-4EDE-BAD0-D5818CBFF4BA}|Hidistro.SqlDal.dll;{672CF77B-93C2-4453-8917-E81585968F32}|Hishop.Plugins.dll;{DB5C7311-E270-4368-AF5A-DC813EB28C8B}|Hishop.Weixin.MP.dll;{b4748d12-1c8a-4243-971b-6cc5d603664c}|Hishop.Weixin.Pay.dll;{4C9ACCEA-5B98-4C38-91D0-AD6614298973}|Hidistro.Jobs.dll;{9996FF6B-6624-42B7-BCD4-7234A7E9493B}|Hidistro.SaleSystem.Vshop.dll;{532E98E3-5752-43DF-934E-5EB49FF11E48}|Hidistro.UI.Common.Controls.dll;{C84AE1AE-969F-4168-90B9-5A3320878F4C}|Hidistro.UI.Common.Validator.dll;{B477E491-2A69-47E5-BD2D-A4B8CC585DA9}|Hidistro.UI.ControlPanel.Utility.dll;{4B9881A1-A3A3-4DA0-88AE-BEB726E6FF4B}|Hidistro.UI.SaleSystem.CodeBehind.dll;{7C9B9D24-47EF-4809-AC7A-5F4F17349266}|Hidistro.UI.SaleSystem.Tags.dll;{769A8533-D812-4CF1-A7A0-BEF5726F840E}|Hishop.TransferManager.dll;{1607af93-ad41-4c8b-94e2-edf02c1d0c3c}|Hidistro.UI.Web.dll;"
		Debug.AspNetCompiler.VirtualPath = "/TWFX"
		Debug.AspNetCompiler.PhysicalPath = "web\"
		Debug.AspNetCompiler.TargetPath = "..\..\..\..\..\99.PublishProjects\TWFX\"
		Debug.AspNetCompiler.Updateable = "true"
		Debug.AspNetCompiler.ForceOverwrite = "true"
		Debug.AspNetCompiler.FixedNames = "false"
		Debug.AspNetCompiler.Debug = "True"
		Release.AspNetCompiler.VirtualPath = "/TWFX"
		Release.AspNetCompiler.PhysicalPath = "web\"
		Release.AspNetCompiler.TargetPath = "..\..\..\..\..\99.PublishProjects\TWFX\"
		Release.AspNetCompiler.Updateable = "true"
		Release.AspNetCompiler.ForceOverwrite = "true"
		Release.AspNetCompiler.FixedNames = "false"
		Release.AspNetCompiler.Debug = "False"
		SlnRelativePath = "web\"
		StartServerOnDebug = "true"
	EndProjectSection
EndProject
Global
	GlobalSection(SolutionConfigurationPlatforms) = preSolution
		Debug|Any CPU = Debug|Any CPU
		Debug|Mixed Platforms = Debug|Mixed Platforms
		Debug|x64 = Debug|x64
		Debug|x86 = Debug|x86
		Release|Any CPU = Release|Any CPU
		Release|Mixed Platforms = Release|Mixed Platforms
		Release|x64 = Release|x64
		Release|x86 = Release|x86
	EndGlobalSection
	GlobalSection(ProjectConfigurationPlatforms) = postSolution
		{FC8AED53-44FA-40A9-96AE-BBFC8C8EFFA7}.Debug|Any CPU.ActiveCfg = Release|x86
		{FC8AED53-44FA-40A9-96AE-BBFC8C8EFFA7}.Debug|Mixed Platforms.ActiveCfg = Debug|x86
		{FC8AED53-44FA-40A9-96AE-BBFC8C8EFFA7}.Debug|Mixed Platforms.Build.0 = Debug|x86
		{FC8AED53-44FA-40A9-96AE-BBFC8C8EFFA7}.Debug|x64.ActiveCfg = Debug|x64
		{FC8AED53-44FA-40A9-96AE-BBFC8C8EFFA7}.Debug|x64.Build.0 = Debug|x64
		{FC8AED53-44FA-40A9-96AE-BBFC8C8EFFA7}.Debug|x86.ActiveCfg = Debug|x86
		{FC8AED53-44FA-40A9-96AE-BBFC8C8EFFA7}.Debug|x86.Build.0 = Debug|x86
		{FC8AED53-44FA-40A9-96AE-BBFC8C8EFFA7}.Release|Any CPU.ActiveCfg = Release|x64
		{FC8AED53-44FA-40A9-96AE-BBFC8C8EFFA7}.Release|Any CPU.Build.0 = Release|x64
		{FC8AED53-44FA-40A9-96AE-BBFC8C8EFFA7}.Release|Mixed Platforms.ActiveCfg = Release|x86
		{FC8AED53-44FA-40A9-96AE-BBFC8C8EFFA7}.Release|Mixed Platforms.Build.0 = Release|x86
		{FC8AED53-44FA-40A9-96AE-BBFC8C8EFFA7}.Release|x64.ActiveCfg = Release|x64
		{FC8AED53-44FA-40A9-96AE-BBFC8C8EFFA7}.Release|x64.Build.0 = Release|x64
		{FC8AED53-44FA-40A9-96AE-BBFC8C8EFFA7}.Release|x86.ActiveCfg = Release|x86
		{FC8AED53-44FA-40A9-96AE-BBFC8C8EFFA7}.Release|x86.Build.0 = Release|x86
		{4F98DDDB-C05A-4A71-8400-BC5F790CC8DF}.Debug|Any CPU.ActiveCfg = Release|x86
		{4F98DDDB-C05A-4A71-8400-BC5F790CC8DF}.Debug|Mixed Platforms.ActiveCfg = Debug|x86
		{4F98DDDB-C05A-4A71-8400-BC5F790CC8DF}.Debug|Mixed Platforms.Build.0 = Debug|x86
		{4F98DDDB-C05A-4A71-8400-BC5F790CC8DF}.Debug|x64.ActiveCfg = Debug|x64
		{4F98DDDB-C05A-4A71-8400-BC5F790CC8DF}.Debug|x64.Build.0 = Debug|x64
		{4F98DDDB-C05A-4A71-8400-BC5F790CC8DF}.Debug|x86.ActiveCfg = Debug|x86
		{4F98DDDB-C05A-4A71-8400-BC5F790CC8DF}.Debug|x86.Build.0 = Debug|x86
		{4F98DDDB-C05A-4A71-8400-BC5F790CC8DF}.Release|Any CPU.ActiveCfg = Release|x64
		{4F98DDDB-C05A-4A71-8400-BC5F790CC8DF}.Release|Any CPU.Build.0 = Release|x64
		{4F98DDDB-C05A-4A71-8400-BC5F790CC8DF}.Release|Mixed Platforms.ActiveCfg = Release|x86
		{4F98DDDB-C05A-4A71-8400-BC5F790CC8DF}.Release|Mixed Platforms.Build.0 = Release|x86
		{4F98DDDB-C05A-4A71-8400-BC5F790CC8DF}.Release|x64.ActiveCfg = Release|x64
		{4F98DDDB-C05A-4A71-8400-BC5F790CC8DF}.Release|x64.Build.0 = Release|x64
		{4F98DDDB-C05A-4A71-8400-BC5F790CC8DF}.Release|x86.ActiveCfg = Release|x86
		{4F98DDDB-C05A-4A71-8400-BC5F790CC8DF}.Release|x86.Build.0 = Release|x86
		{71E1154B-E640-414D-AA73-57A7F4589BA2}.Debug|Any CPU.ActiveCfg = Debug|x86
		{71E1154B-E640-414D-AA73-57A7F4589BA2}.Debug|Mixed Platforms.ActiveCfg = Debug|x86
		{71E1154B-E640-414D-AA73-57A7F4589BA2}.Debug|Mixed Platforms.Build.0 = Debug|x86
		{71E1154B-E640-414D-AA73-57A7F4589BA2}.Debug|x64.ActiveCfg = Debug|x64
		{71E1154B-E640-414D-AA73-57A7F4589BA2}.Debug|x64.Build.0 = Debug|x64
		{71E1154B-E640-414D-AA73-57A7F4589BA2}.Debug|x86.ActiveCfg = Debug|x86
		{71E1154B-E640-414D-AA73-57A7F4589BA2}.Debug|x86.Build.0 = Debug|x86
		{71E1154B-E640-414D-AA73-57A7F4589BA2}.Release|Any CPU.ActiveCfg = Release|x64
		{71E1154B-E640-414D-AA73-57A7F4589BA2}.Release|Any CPU.Build.0 = Release|x64
		{71E1154B-E640-414D-AA73-57A7F4589BA2}.Release|Mixed Platforms.ActiveCfg = Release|x86
		{71E1154B-E640-414D-AA73-57A7F4589BA2}.Release|Mixed Platforms.Build.0 = Release|x86
		{71E1154B-E640-414D-AA73-57A7F4589BA2}.Release|x64.ActiveCfg = Release|x64
		{71E1154B-E640-414D-AA73-57A7F4589BA2}.Release|x64.Build.0 = Release|x64
		{71E1154B-E640-414D-AA73-57A7F4589BA2}.Release|x86.ActiveCfg = Release|x86
		{71E1154B-E640-414D-AA73-57A7F4589BA2}.Release|x86.Build.0 = Release|x86
		{4C9ACCEA-5B98-4C38-91D0-AD6614298973}.Debug|Any CPU.ActiveCfg = Debug|x86
		{4C9ACCEA-5B98-4C38-91D0-AD6614298973}.Debug|Mixed Platforms.ActiveCfg = Debug|x86
		{4C9ACCEA-5B98-4C38-91D0-AD6614298973}.Debug|Mixed Platforms.Build.0 = Debug|x86
		{4C9ACCEA-5B98-4C38-91D0-AD6614298973}.Debug|x64.ActiveCfg = Debug|x64
		{4C9ACCEA-5B98-4C38-91D0-AD6614298973}.Debug|x64.Build.0 = Debug|x64
		{4C9ACCEA-5B98-4C38-91D0-AD6614298973}.Debug|x86.ActiveCfg = Debug|x86
		{4C9ACCEA-5B98-4C38-91D0-AD6614298973}.Debug|x86.Build.0 = Debug|x86
		{4C9ACCEA-5B98-4C38-91D0-AD6614298973}.Release|Any CPU.ActiveCfg = Release|x64
		{4C9ACCEA-5B98-4C38-91D0-AD6614298973}.Release|Any CPU.Build.0 = Release|x64
		{4C9ACCEA-5B98-4C38-91D0-AD6614298973}.Release|Mixed Platforms.ActiveCfg = Release|x86
		{4C9ACCEA-5B98-4C38-91D0-AD6614298973}.Release|Mixed Platforms.Build.0 = Release|x86
		{4C9ACCEA-5B98-4C38-91D0-AD6614298973}.Release|x64.ActiveCfg = Release|x64
		{4C9ACCEA-5B98-4C38-91D0-AD6614298973}.Release|x64.Build.0 = Release|x64
		{4C9ACCEA-5B98-4C38-91D0-AD6614298973}.Release|x86.ActiveCfg = Release|x86
		{4C9ACCEA-5B98-4C38-91D0-AD6614298973}.Release|x86.Build.0 = Release|x86
		{1228793D-E2AF-482C-A9BB-DFE76D6BDB8C}.Debug|Any CPU.ActiveCfg = Debug|x86
		{1228793D-E2AF-482C-A9BB-DFE76D6BDB8C}.Debug|Mixed Platforms.ActiveCfg = Debug|x86
		{1228793D-E2AF-482C-A9BB-DFE76D6BDB8C}.Debug|Mixed Platforms.Build.0 = Debug|x86
		{1228793D-E2AF-482C-A9BB-DFE76D6BDB8C}.Debug|x64.ActiveCfg = Debug|x64
		{1228793D-E2AF-482C-A9BB-DFE76D6BDB8C}.Debug|x64.Build.0 = Debug|x64
		{1228793D-E2AF-482C-A9BB-DFE76D6BDB8C}.Debug|x86.ActiveCfg = Debug|x86
		{1228793D-E2AF-482C-A9BB-DFE76D6BDB8C}.Debug|x86.Build.0 = Debug|x86
		{1228793D-E2AF-482C-A9BB-DFE76D6BDB8C}.Release|Any CPU.ActiveCfg = Release|x64
		{1228793D-E2AF-482C-A9BB-DFE76D6BDB8C}.Release|Any CPU.Build.0 = Release|x64
		{1228793D-E2AF-482C-A9BB-DFE76D6BDB8C}.Release|Mixed Platforms.ActiveCfg = Release|x86
		{1228793D-E2AF-482C-A9BB-DFE76D6BDB8C}.Release|Mixed Platforms.Build.0 = Release|x86
		{1228793D-E2AF-482C-A9BB-DFE76D6BDB8C}.Release|x64.ActiveCfg = Release|x64
		{1228793D-E2AF-482C-A9BB-DFE76D6BDB8C}.Release|x64.Build.0 = Release|x64
		{1228793D-E2AF-482C-A9BB-DFE76D6BDB8C}.Release|x86.ActiveCfg = Release|x86
		{1228793D-E2AF-482C-A9BB-DFE76D6BDB8C}.Release|x86.Build.0 = Release|x86
		{9996FF6B-6624-42B7-BCD4-7234A7E9493B}.Debug|Any CPU.ActiveCfg = Debug|x86
		{9996FF6B-6624-42B7-BCD4-7234A7E9493B}.Debug|Mixed Platforms.ActiveCfg = Debug|x86
		{9996FF6B-6624-42B7-BCD4-7234A7E9493B}.Debug|Mixed Platforms.Build.0 = Debug|x86
		{9996FF6B-6624-42B7-BCD4-7234A7E9493B}.Debug|x64.ActiveCfg = Debug|x64
		{9996FF6B-6624-42B7-BCD4-7234A7E9493B}.Debug|x64.Build.0 = Debug|x64
		{9996FF6B-6624-42B7-BCD4-7234A7E9493B}.Debug|x86.ActiveCfg = Debug|x86
		{9996FF6B-6624-42B7-BCD4-7234A7E9493B}.Debug|x86.Build.0 = Debug|x86
		{9996FF6B-6624-42B7-BCD4-7234A7E9493B}.Release|Any CPU.ActiveCfg = Release|x64
		{9996FF6B-6624-42B7-BCD4-7234A7E9493B}.Release|Any CPU.Build.0 = Release|x64
		{9996FF6B-6624-42B7-BCD4-7234A7E9493B}.Release|Any CPU.Deploy.0 = Release|x64
		{9996FF6B-6624-42B7-BCD4-7234A7E9493B}.Release|Mixed Platforms.ActiveCfg = Release|x86
		{9996FF6B-6624-42B7-BCD4-7234A7E9493B}.Release|Mixed Platforms.Build.0 = Release|x86
		{9996FF6B-6624-42B7-BCD4-7234A7E9493B}.Release|x64.ActiveCfg = Release|x64
		{9996FF6B-6624-42B7-BCD4-7234A7E9493B}.Release|x64.Build.0 = Release|x64
		{9996FF6B-6624-42B7-BCD4-7234A7E9493B}.Release|x86.ActiveCfg = Release|x86
		{9996FF6B-6624-42B7-BCD4-7234A7E9493B}.Release|x86.Build.0 = Release|x86
		{962E890E-FACF-4EDE-BAD0-D5818CBFF4BA}.Debug|Any CPU.ActiveCfg = Debug|x86
		{962E890E-FACF-4EDE-BAD0-D5818CBFF4BA}.Debug|Mixed Platforms.ActiveCfg = Debug|x86
		{962E890E-FACF-4EDE-BAD0-D5818CBFF4BA}.Debug|Mixed Platforms.Build.0 = Debug|x86
		{962E890E-FACF-4EDE-BAD0-D5818CBFF4BA}.Debug|x64.ActiveCfg = Debug|x64
		{962E890E-FACF-4EDE-BAD0-D5818CBFF4BA}.Debug|x64.Build.0 = Debug|x64
		{962E890E-FACF-4EDE-BAD0-D5818CBFF4BA}.Debug|x86.ActiveCfg = Debug|x86
		{962E890E-FACF-4EDE-BAD0-D5818CBFF4BA}.Debug|x86.Build.0 = Debug|x86
		{962E890E-FACF-4EDE-BAD0-D5818CBFF4BA}.Release|Any CPU.ActiveCfg = Release|x64
		{962E890E-FACF-4EDE-BAD0-D5818CBFF4BA}.Release|Any CPU.Build.0 = Release|x64
		{962E890E-FACF-4EDE-BAD0-D5818CBFF4BA}.Release|Mixed Platforms.ActiveCfg = Release|x86
		{962E890E-FACF-4EDE-BAD0-D5818CBFF4BA}.Release|Mixed Platforms.Build.0 = Release|x86
		{962E890E-FACF-4EDE-BAD0-D5818CBFF4BA}.Release|x64.ActiveCfg = Release|x64
		{962E890E-FACF-4EDE-BAD0-D5818CBFF4BA}.Release|x64.Build.0 = Release|x64
		{962E890E-FACF-4EDE-BAD0-D5818CBFF4BA}.Release|x86.ActiveCfg = Release|x86
		{962E890E-FACF-4EDE-BAD0-D5818CBFF4BA}.Release|x86.Build.0 = Release|x86
		{B477E491-2A69-47E5-BD2D-A4B8CC585DA9}.Debug|Any CPU.ActiveCfg = Debug|x86
		{B477E491-2A69-47E5-BD2D-A4B8CC585DA9}.Debug|Mixed Platforms.ActiveCfg = Debug|x86
		{B477E491-2A69-47E5-BD2D-A4B8CC585DA9}.Debug|Mixed Platforms.Build.0 = Debug|x86
		{B477E491-2A69-47E5-BD2D-A4B8CC585DA9}.Debug|x64.ActiveCfg = Debug|x64
		{B477E491-2A69-47E5-BD2D-A4B8CC585DA9}.Debug|x64.Build.0 = Debug|x64
		{B477E491-2A69-47E5-BD2D-A4B8CC585DA9}.Debug|x86.ActiveCfg = Debug|x86
		{B477E491-2A69-47E5-BD2D-A4B8CC585DA9}.Debug|x86.Build.0 = Debug|x86
		{B477E491-2A69-47E5-BD2D-A4B8CC585DA9}.Release|Any CPU.ActiveCfg = Release|x64
		{B477E491-2A69-47E5-BD2D-A4B8CC585DA9}.Release|Any CPU.Build.0 = Release|x64
		{B477E491-2A69-47E5-BD2D-A4B8CC585DA9}.Release|Mixed Platforms.ActiveCfg = Release|x86
		{B477E491-2A69-47E5-BD2D-A4B8CC585DA9}.Release|Mixed Platforms.Build.0 = Release|x86
		{B477E491-2A69-47E5-BD2D-A4B8CC585DA9}.Release|x64.ActiveCfg = Release|x64
		{B477E491-2A69-47E5-BD2D-A4B8CC585DA9}.Release|x64.Build.0 = Release|x64
		{B477E491-2A69-47E5-BD2D-A4B8CC585DA9}.Release|x86.ActiveCfg = Release|x86
		{B477E491-2A69-47E5-BD2D-A4B8CC585DA9}.Release|x86.Build.0 = Release|x86
		{4B9881A1-A3A3-4DA0-88AE-BEB726E6FF4B}.Debug|Any CPU.ActiveCfg = Debug|x86
		{4B9881A1-A3A3-4DA0-88AE-BEB726E6FF4B}.Debug|Mixed Platforms.ActiveCfg = Debug|x86
		{4B9881A1-A3A3-4DA0-88AE-BEB726E6FF4B}.Debug|Mixed Platforms.Build.0 = Debug|x86
		{4B9881A1-A3A3-4DA0-88AE-BEB726E6FF4B}.Debug|x64.ActiveCfg = Debug|x64
		{4B9881A1-A3A3-4DA0-88AE-BEB726E6FF4B}.Debug|x64.Build.0 = Debug|x64
		{4B9881A1-A3A3-4DA0-88AE-BEB726E6FF4B}.Debug|x86.ActiveCfg = Debug|x86
		{4B9881A1-A3A3-4DA0-88AE-BEB726E6FF4B}.Debug|x86.Build.0 = Debug|x86
		{4B9881A1-A3A3-4DA0-88AE-BEB726E6FF4B}.Release|Any CPU.ActiveCfg = Release|x64
		{4B9881A1-A3A3-4DA0-88AE-BEB726E6FF4B}.Release|Any CPU.Build.0 = Release|x64
		{4B9881A1-A3A3-4DA0-88AE-BEB726E6FF4B}.Release|Mixed Platforms.ActiveCfg = Release|x86
		{4B9881A1-A3A3-4DA0-88AE-BEB726E6FF4B}.Release|Mixed Platforms.Build.0 = Release|x86
		{4B9881A1-A3A3-4DA0-88AE-BEB726E6FF4B}.Release|x64.ActiveCfg = Release|x64
		{4B9881A1-A3A3-4DA0-88AE-BEB726E6FF4B}.Release|x64.Build.0 = Release|x64
		{4B9881A1-A3A3-4DA0-88AE-BEB726E6FF4B}.Release|x86.ActiveCfg = Release|x86
		{4B9881A1-A3A3-4DA0-88AE-BEB726E6FF4B}.Release|x86.Build.0 = Release|x86
		{7C9B9D24-47EF-4809-AC7A-5F4F17349266}.Debug|Any CPU.ActiveCfg = Debug|x86
		{7C9B9D24-47EF-4809-AC7A-5F4F17349266}.Debug|Mixed Platforms.ActiveCfg = Debug|x86
		{7C9B9D24-47EF-4809-AC7A-5F4F17349266}.Debug|Mixed Platforms.Build.0 = Debug|x86
		{7C9B9D24-47EF-4809-AC7A-5F4F17349266}.Debug|x64.ActiveCfg = Debug|x64
		{7C9B9D24-47EF-4809-AC7A-5F4F17349266}.Debug|x64.Build.0 = Debug|x64
		{7C9B9D24-47EF-4809-AC7A-5F4F17349266}.Debug|x86.ActiveCfg = Debug|x86
		{7C9B9D24-47EF-4809-AC7A-5F4F17349266}.Debug|x86.Build.0 = Debug|x86
		{7C9B9D24-47EF-4809-AC7A-5F4F17349266}.Release|Any CPU.ActiveCfg = Release|x64
		{7C9B9D24-47EF-4809-AC7A-5F4F17349266}.Release|Any CPU.Build.0 = Release|x64
		{7C9B9D24-47EF-4809-AC7A-5F4F17349266}.Release|Mixed Platforms.ActiveCfg = Release|x86
		{7C9B9D24-47EF-4809-AC7A-5F4F17349266}.Release|Mixed Platforms.Build.0 = Release|x86
		{7C9B9D24-47EF-4809-AC7A-5F4F17349266}.Release|x64.ActiveCfg = Release|x64
		{7C9B9D24-47EF-4809-AC7A-5F4F17349266}.Release|x64.Build.0 = Release|x64
		{7C9B9D24-47EF-4809-AC7A-5F4F17349266}.Release|x86.ActiveCfg = Release|x86
		{7C9B9D24-47EF-4809-AC7A-5F4F17349266}.Release|x86.Build.0 = Release|x86
		{672CF77B-93C2-4453-8917-E81585968F32}.Debug|Any CPU.ActiveCfg = Debug|x86
		{672CF77B-93C2-4453-8917-E81585968F32}.Debug|Mixed Platforms.ActiveCfg = Debug|x86
		{672CF77B-93C2-4453-8917-E81585968F32}.Debug|Mixed Platforms.Build.0 = Debug|x86
		{672CF77B-93C2-4453-8917-E81585968F32}.Debug|x64.ActiveCfg = Debug|x64
		{672CF77B-93C2-4453-8917-E81585968F32}.Debug|x64.Build.0 = Debug|x64
		{672CF77B-93C2-4453-8917-E81585968F32}.Debug|x86.ActiveCfg = Debug|x86
		{672CF77B-93C2-4453-8917-E81585968F32}.Debug|x86.Build.0 = Debug|x86
		{672CF77B-93C2-4453-8917-E81585968F32}.Release|Any CPU.ActiveCfg = Release|x64
		{672CF77B-93C2-4453-8917-E81585968F32}.Release|Any CPU.Build.0 = Release|x64
		{672CF77B-93C2-4453-8917-E81585968F32}.Release|Mixed Platforms.ActiveCfg = Release|x86
		{672CF77B-93C2-4453-8917-E81585968F32}.Release|Mixed Platforms.Build.0 = Release|x86
		{672CF77B-93C2-4453-8917-E81585968F32}.Release|x64.ActiveCfg = Release|x64
		{672CF77B-93C2-4453-8917-E81585968F32}.Release|x64.Build.0 = Release|x64
		{672CF77B-93C2-4453-8917-E81585968F32}.Release|x86.ActiveCfg = Release|x86
		{672CF77B-93C2-4453-8917-E81585968F32}.Release|x86.Build.0 = Release|x86
		{769A8533-D812-4CF1-A7A0-BEF5726F840E}.Debug|Any CPU.ActiveCfg = Debug|x86
		{769A8533-D812-4CF1-A7A0-BEF5726F840E}.Debug|Mixed Platforms.ActiveCfg = Debug|x86
		{769A8533-D812-4CF1-A7A0-BEF5726F840E}.Debug|Mixed Platforms.Build.0 = Debug|x86
		{769A8533-D812-4CF1-A7A0-BEF5726F840E}.Debug|x64.ActiveCfg = Debug|x64
		{769A8533-D812-4CF1-A7A0-BEF5726F840E}.Debug|x64.Build.0 = Debug|x64
		{769A8533-D812-4CF1-A7A0-BEF5726F840E}.Debug|x86.ActiveCfg = Debug|x86
		{769A8533-D812-4CF1-A7A0-BEF5726F840E}.Debug|x86.Build.0 = Debug|x86
		{769A8533-D812-4CF1-A7A0-BEF5726F840E}.Release|Any CPU.ActiveCfg = Release|x64
		{769A8533-D812-4CF1-A7A0-BEF5726F840E}.Release|Any CPU.Build.0 = Release|x64
		{769A8533-D812-4CF1-A7A0-BEF5726F840E}.Release|Mixed Platforms.ActiveCfg = Release|x86
		{769A8533-D812-4CF1-A7A0-BEF5726F840E}.Release|Mixed Platforms.Build.0 = Release|x86
		{769A8533-D812-4CF1-A7A0-BEF5726F840E}.Release|x64.ActiveCfg = Release|x64
		{769A8533-D812-4CF1-A7A0-BEF5726F840E}.Release|x64.Build.0 = Release|x64
		{769A8533-D812-4CF1-A7A0-BEF5726F840E}.Release|x86.ActiveCfg = Release|x86
		{769A8533-D812-4CF1-A7A0-BEF5726F840E}.Release|x86.Build.0 = Release|x86
		{B4748D12-1C8A-4243-971B-6CC5D603664C}.Debug|Any CPU.ActiveCfg = Debug|x86
		{B4748D12-1C8A-4243-971B-6CC5D603664C}.Debug|Mixed Platforms.ActiveCfg = Debug|x86
		{B4748D12-1C8A-4243-971B-6CC5D603664C}.Debug|Mixed Platforms.Build.0 = Debug|x86
		{B4748D12-1C8A-4243-971B-6CC5D603664C}.Debug|x64.ActiveCfg = Debug|x64
		{B4748D12-1C8A-4243-971B-6CC5D603664C}.Debug|x64.Build.0 = Debug|x64
		{B4748D12-1C8A-4243-971B-6CC5D603664C}.Debug|x86.ActiveCfg = Debug|x86
		{B4748D12-1C8A-4243-971B-6CC5D603664C}.Debug|x86.Build.0 = Debug|x86
		{B4748D12-1C8A-4243-971B-6CC5D603664C}.Release|Any CPU.ActiveCfg = Release|x64
		{B4748D12-1C8A-4243-971B-6CC5D603664C}.Release|Any CPU.Build.0 = Release|x64
		{B4748D12-1C8A-4243-971B-6CC5D603664C}.Release|Mixed Platforms.ActiveCfg = Release|x86
		{B4748D12-1C8A-4243-971B-6CC5D603664C}.Release|Mixed Platforms.Build.0 = Release|x86
		{B4748D12-1C8A-4243-971B-6CC5D603664C}.Release|x64.ActiveCfg = Release|x64
		{B4748D12-1C8A-4243-971B-6CC5D603664C}.Release|x64.Build.0 = Release|x64
		{B4748D12-1C8A-4243-971B-6CC5D603664C}.Release|x86.ActiveCfg = Release|x86
		{B4748D12-1C8A-4243-971B-6CC5D603664C}.Release|x86.Build.0 = Release|x86
		{532E98E3-5752-43DF-934E-5EB49FF11E48}.Debug|Any CPU.ActiveCfg = Debug|x86
		{532E98E3-5752-43DF-934E-5EB49FF11E48}.Debug|Mixed Platforms.ActiveCfg = Debug|x86
		{532E98E3-5752-43DF-934E-5EB49FF11E48}.Debug|Mixed Platforms.Build.0 = Debug|x86
		{532E98E3-5752-43DF-934E-5EB49FF11E48}.Debug|x64.ActiveCfg = Debug|x64
		{532E98E3-5752-43DF-934E-5EB49FF11E48}.Debug|x64.Build.0 = Debug|x64
		{532E98E3-5752-43DF-934E-5EB49FF11E48}.Debug|x86.ActiveCfg = Debug|x86
		{532E98E3-5752-43DF-934E-5EB49FF11E48}.Debug|x86.Build.0 = Debug|x86
		{532E98E3-5752-43DF-934E-5EB49FF11E48}.Release|Any CPU.ActiveCfg = Release|x64
		{532E98E3-5752-43DF-934E-5EB49FF11E48}.Release|Any CPU.Build.0 = Release|x64
		{532E98E3-5752-43DF-934E-5EB49FF11E48}.Release|Mixed Platforms.ActiveCfg = Release|x86
		{532E98E3-5752-43DF-934E-5EB49FF11E48}.Release|Mixed Platforms.Build.0 = Release|x86
		{532E98E3-5752-43DF-934E-5EB49FF11E48}.Release|x64.ActiveCfg = Release|x64
		{532E98E3-5752-43DF-934E-5EB49FF11E48}.Release|x64.Build.0 = Release|x64
		{532E98E3-5752-43DF-934E-5EB49FF11E48}.Release|x86.ActiveCfg = Release|x86
		{532E98E3-5752-43DF-934E-5EB49FF11E48}.Release|x86.Build.0 = Release|x86
		{F0DA0440-2739-482A-8F9B-651D9AA06ECA}.Debug|Any CPU.ActiveCfg = Release|Any CPU
		{F0DA0440-2739-482A-8F9B-651D9AA06ECA}.Debug|Any CPU.Build.0 = Release|Any CPU
		{F0DA0440-2739-482A-8F9B-651D9AA06ECA}.Debug|Mixed Platforms.ActiveCfg = Debug|x86
		{F0DA0440-2739-482A-8F9B-651D9AA06ECA}.Debug|Mixed Platforms.Build.0 = Debug|x86
		{F0DA0440-2739-482A-8F9B-651D9AA06ECA}.Debug|x64.ActiveCfg = Debug|x64
		{F0DA0440-2739-482A-8F9B-651D9AA06ECA}.Debug|x64.Build.0 = Debug|x64
		{F0DA0440-2739-482A-8F9B-651D9AA06ECA}.Debug|x86.ActiveCfg = Debug|x86
		{F0DA0440-2739-482A-8F9B-651D9AA06ECA}.Debug|x86.Build.0 = Debug|x86
		{F0DA0440-2739-482A-8F9B-651D9AA06ECA}.Release|Any CPU.ActiveCfg = Release|x64
		{F0DA0440-2739-482A-8F9B-651D9AA06ECA}.Release|Any CPU.Build.0 = Release|x64
		{F0DA0440-2739-482A-8F9B-651D9AA06ECA}.Release|Mixed Platforms.ActiveCfg = Release|x86
		{F0DA0440-2739-482A-8F9B-651D9AA06ECA}.Release|Mixed Platforms.Build.0 = Release|x86
		{F0DA0440-2739-482A-8F9B-651D9AA06ECA}.Release|x64.ActiveCfg = Release|x64
		{F0DA0440-2739-482A-8F9B-651D9AA06ECA}.Release|x64.Build.0 = Release|x64
		{F0DA0440-2739-482A-8F9B-651D9AA06ECA}.Release|x86.ActiveCfg = Release|x86
		{F0DA0440-2739-482A-8F9B-651D9AA06ECA}.Release|x86.Build.0 = Release|x86
		{8E0FB795-0E87-49E0-85EF-948CC144EDED}.Debug|Any CPU.ActiveCfg = Debug|x86
		{8E0FB795-0E87-49E0-85EF-948CC144EDED}.Debug|Mixed Platforms.ActiveCfg = Debug|x86
		{8E0FB795-0E87-49E0-85EF-948CC144EDED}.Debug|Mixed Platforms.Build.0 = Debug|x86
		{8E0FB795-0E87-49E0-85EF-948CC144EDED}.Debug|x64.ActiveCfg = Debug|x64
		{8E0FB795-0E87-49E0-85EF-948CC144EDED}.Debug|x64.Build.0 = Debug|x64
		{8E0FB795-0E87-49E0-85EF-948CC144EDED}.Debug|x86.ActiveCfg = Debug|x86
		{8E0FB795-0E87-49E0-85EF-948CC144EDED}.Debug|x86.Build.0 = Debug|x86
		{8E0FB795-0E87-49E0-85EF-948CC144EDED}.Release|Any CPU.ActiveCfg = Release|x64
		{8E0FB795-0E87-49E0-85EF-948CC144EDED}.Release|Any CPU.Build.0 = Release|x64
		{8E0FB795-0E87-49E0-85EF-948CC144EDED}.Release|Mixed Platforms.ActiveCfg = Release|x86
		{8E0FB795-0E87-49E0-85EF-948CC144EDED}.Release|Mixed Platforms.Build.0 = Release|x86
		{8E0FB795-0E87-49E0-85EF-948CC144EDED}.Release|x64.ActiveCfg = Release|x64
		{8E0FB795-0E87-49E0-85EF-948CC144EDED}.Release|x64.Build.0 = Release|x64
		{8E0FB795-0E87-49E0-85EF-948CC144EDED}.Release|x86.ActiveCfg = Release|x86
		{8E0FB795-0E87-49E0-85EF-948CC144EDED}.Release|x86.Build.0 = Release|x86
		{C84AE1AE-969F-4168-90B9-5A3320878F4C}.Debug|Any CPU.ActiveCfg = Debug|x86
		{C84AE1AE-969F-4168-90B9-5A3320878F4C}.Debug|Mixed Platforms.ActiveCfg = Debug|x86
		{C84AE1AE-969F-4168-90B9-5A3320878F4C}.Debug|Mixed Platforms.Build.0 = Debug|x86
		{C84AE1AE-969F-4168-90B9-5A3320878F4C}.Debug|x64.ActiveCfg = Debug|x64
		{C84AE1AE-969F-4168-90B9-5A3320878F4C}.Debug|x64.Build.0 = Debug|x64
		{C84AE1AE-969F-4168-90B9-5A3320878F4C}.Debug|x86.ActiveCfg = Debug|x86
		{C84AE1AE-969F-4168-90B9-5A3320878F4C}.Debug|x86.Build.0 = Debug|x86
		{C84AE1AE-969F-4168-90B9-5A3320878F4C}.Release|Any CPU.ActiveCfg = Release|x64
		{C84AE1AE-969F-4168-90B9-5A3320878F4C}.Release|Any CPU.Build.0 = Release|x64
		{C84AE1AE-969F-4168-90B9-5A3320878F4C}.Release|Mixed Platforms.ActiveCfg = Release|x86
		{C84AE1AE-969F-4168-90B9-5A3320878F4C}.Release|Mixed Platforms.Build.0 = Release|x86
		{C84AE1AE-969F-4168-90B9-5A3320878F4C}.Release|x64.ActiveCfg = Release|x64
		{C84AE1AE-969F-4168-90B9-5A3320878F4C}.Release|x64.Build.0 = Release|x64
		{C84AE1AE-969F-4168-90B9-5A3320878F4C}.Release|x86.ActiveCfg = Release|x86
		{C84AE1AE-969F-4168-90B9-5A3320878F4C}.Release|x86.Build.0 = Release|x86
		{1607AF93-AD41-4C8B-94E2-EDF02C1D0C3C}.Debug|Any CPU.ActiveCfg = Debug|Any CPU
		{1607AF93-AD41-4C8B-94E2-EDF02C1D0C3C}.Debug|Any CPU.Build.0 = Debug|Any CPU
		{1607AF93-AD41-4C8B-94E2-EDF02C1D0C3C}.Debug|Mixed Platforms.ActiveCfg = Debug|x86
		{1607AF93-AD41-4C8B-94E2-EDF02C1D0C3C}.Debug|Mixed Platforms.Build.0 = Debug|x86
		{1607AF93-AD41-4C8B-94E2-EDF02C1D0C3C}.Debug|x64.ActiveCfg = Debug|x64
		{1607AF93-AD41-4C8B-94E2-EDF02C1D0C3C}.Debug|x64.Build.0 = Debug|x64
		{1607AF93-AD41-4C8B-94E2-EDF02C1D0C3C}.Debug|x86.ActiveCfg = Debug|x86
		{1607AF93-AD41-4C8B-94E2-EDF02C1D0C3C}.Debug|x86.Build.0 = Debug|x86
		{1607AF93-AD41-4C8B-94E2-EDF02C1D0C3C}.Release|Any CPU.ActiveCfg = Release|x86
		{1607AF93-AD41-4C8B-94E2-EDF02C1D0C3C}.Release|Any CPU.Build.0 = Release|x86
		{1607AF93-AD41-4C8B-94E2-EDF02C1D0C3C}.Release|Mixed Platforms.ActiveCfg = Release|x86
		{1607AF93-AD41-4C8B-94E2-EDF02C1D0C3C}.Release|Mixed Platforms.Build.0 = Release|x86
		{1607AF93-AD41-4C8B-94E2-EDF02C1D0C3C}.Release|x64.ActiveCfg = Release|x64
		{1607AF93-AD41-4C8B-94E2-EDF02C1D0C3C}.Release|x64.Build.0 = Release|x64
		{1607AF93-AD41-4C8B-94E2-EDF02C1D0C3C}.Release|x86.ActiveCfg = Release|x86
		{1607AF93-AD41-4C8B-94E2-EDF02C1D0C3C}.Release|x86.Build.0 = Release|x86
		{DB5C7311-E270-4368-AF5A-DC813EB28C8B}.Debug|Any CPU.ActiveCfg = Debug|x86
		{DB5C7311-E270-4368-AF5A-DC813EB28C8B}.Debug|Mixed Platforms.ActiveCfg = Debug|x86
		{DB5C7311-E270-4368-AF5A-DC813EB28C8B}.Debug|Mixed Platforms.Build.0 = Debug|x86
		{DB5C7311-E270-4368-AF5A-DC813EB28C8B}.Debug|x64.ActiveCfg = Debug|x64
		{DB5C7311-E270-4368-AF5A-DC813EB28C8B}.Debug|x64.Build.0 = Debug|x64
		{DB5C7311-E270-4368-AF5A-DC813EB28C8B}.Debug|x86.ActiveCfg = Debug|x86
		{DB5C7311-E270-4368-AF5A-DC813EB28C8B}.Debug|x86.Build.0 = Debug|x86
		{DB5C7311-E270-4368-AF5A-DC813EB28C8B}.Release|Any CPU.ActiveCfg = Release|x64
		{DB5C7311-E270-4368-AF5A-DC813EB28C8B}.Release|Any CPU.Build.0 = Release|x64
		{DB5C7311-E270-4368-AF5A-DC813EB28C8B}.Release|Mixed Platforms.ActiveCfg = Release|x86
		{DB5C7311-E270-4368-AF5A-DC813EB28C8B}.Release|Mixed Platforms.Build.0 = Release|x86
		{DB5C7311-E270-4368-AF5A-DC813EB28C8B}.Release|x64.ActiveCfg = Release|x64
		{DB5C7311-E270-4368-AF5A-DC813EB28C8B}.Release|x64.Build.0 = Release|x64
		{DB5C7311-E270-4368-AF5A-DC813EB28C8B}.Release|x86.ActiveCfg = Release|x86
		{DB5C7311-E270-4368-AF5A-DC813EB28C8B}.Release|x86.Build.0 = Release|x86
		{2A4C73E8-CF79-4DDA-AF5E-D8A3D99A72A5}.Debug|Any CPU.ActiveCfg = Debug|Any CPU
		{2A4C73E8-CF79-4DDA-AF5E-D8A3D99A72A5}.Debug|Any CPU.Build.0 = Debug|Any CPU
		{2A4C73E8-CF79-4DDA-AF5E-D8A3D99A72A5}.Debug|Mixed Platforms.ActiveCfg = Debug|Any CPU
		{2A4C73E8-CF79-4DDA-AF5E-D8A3D99A72A5}.Debug|Mixed Platforms.Build.0 = Debug|Any CPU
		{2A4C73E8-CF79-4DDA-AF5E-D8A3D99A72A5}.Debug|x64.ActiveCfg = Debug|Any CPU
		{2A4C73E8-CF79-4DDA-AF5E-D8A3D99A72A5}.Debug|x86.ActiveCfg = Debug|Any CPU
		{2A4C73E8-CF79-4DDA-AF5E-D8A3D99A72A5}.Release|Any CPU.ActiveCfg = Debug|Any CPU
		{2A4C73E8-CF79-4DDA-AF5E-D8A3D99A72A5}.Release|Any CPU.Build.0 = Debug|Any CPU
		{2A4C73E8-CF79-4DDA-AF5E-D8A3D99A72A5}.Release|Mixed Platforms.ActiveCfg = Debug|Any CPU
		{2A4C73E8-CF79-4DDA-AF5E-D8A3D99A72A5}.Release|Mixed Platforms.Build.0 = Debug|Any CPU
		{2A4C73E8-CF79-4DDA-AF5E-D8A3D99A72A5}.Release|x64.ActiveCfg = Debug|Any CPU
		{2A4C73E8-CF79-4DDA-AF5E-D8A3D99A72A5}.Release|x86.ActiveCfg = Debug|Any CPU
	EndGlobalSection
	GlobalSection(SolutionProperties) = preSolution
		HideSolutionNode = FALSE
	EndGlobalSection
	GlobalSection(NestedProjects) = preSolution
		{B477E491-2A69-47E5-BD2D-A4B8CC585DA9} = {9262CBD6-FC16-497D-9223-D81310C21E39}
		{FC8AED53-44FA-40A9-96AE-BBFC8C8EFFA7} = {9262CBD6-FC16-497D-9223-D81310C21E39}
		{71E1154B-E640-414D-AA73-57A7F4589BA2} = {3760E4C0-5BDF-4174-B182-39D33D7BAC44}
		{4C9ACCEA-5B98-4C38-91D0-AD6614298973} = {3760E4C0-5BDF-4174-B182-39D33D7BAC44}
		{962E890E-FACF-4EDE-BAD0-D5818CBFF4BA} = {3760E4C0-5BDF-4174-B182-39D33D7BAC44}
		{8E0FB795-0E87-49E0-85EF-948CC144EDED} = {3760E4C0-5BDF-4174-B182-39D33D7BAC44}
		{C84AE1AE-969F-4168-90B9-5A3320878F4C} = {3760E4C0-5BDF-4174-B182-39D33D7BAC44}
		{4F98DDDB-C05A-4A71-8400-BC5F790CC8DF} = {3760E4C0-5BDF-4174-B182-39D33D7BAC44}
		{1228793D-E2AF-482C-A9BB-DFE76D6BDB8C} = {67591985-ABFB-4FD9-BB11-BBE6CAFA8493}
		{4B9881A1-A3A3-4DA0-88AE-BEB726E6FF4B} = {D9AA2973-C2DE-4CAC-909D-018C7CE3CB52}
		{9996FF6B-6624-42B7-BCD4-7234A7E9493B} = {D9AA2973-C2DE-4CAC-909D-018C7CE3CB52}
		{532E98E3-5752-43DF-934E-5EB49FF11E48} = {34171B9E-5F26-4BC8-8A96-6F45A8BF56B3}
		{F0DA0440-2739-482A-8F9B-651D9AA06ECA} = {34171B9E-5F26-4BC8-8A96-6F45A8BF56B3}
		{7C9B9D24-47EF-4809-AC7A-5F4F17349266} = {34171B9E-5F26-4BC8-8A96-6F45A8BF56B3}
		{769A8533-D812-4CF1-A7A0-BEF5726F840E} = {4A581A33-C979-47EC-9453-9B0A69542426}
		{672CF77B-93C2-4453-8917-E81585968F32} = {4A581A33-C979-47EC-9453-9B0A69542426}
		{DB5C7311-E270-4368-AF5A-DC813EB28C8B} = {B26B5462-1A9D-4196-8858-CA54F9CA33A8}
		{B4748D12-1C8A-4243-971B-6CC5D603664C} = {B26B5462-1A9D-4196-8858-CA54F9CA33A8}
	EndGlobalSection
EndGlobal
